
Microsoft Visual Studio Solution File, Format Version 12.00
# Visual Studio Version 16
VisualStudioVersion = 16.0.31729.503
MinimumVisualStudioVersion = 10.0.40219.1
Project("{888888A0-9F3D-457C-B088-3A5042F75D52}") = "Day1Project_BandNameGenerator", "Day1Project_BandNameGenerator\Day1Project_BandNameGenerator.pyproj", "{98FB18E8-AFEC-4659-AE31-8B29D7124750}"
EndProject
Global
	GlobalSection(SolutionConfigurationPlatforms) = preSolution
		Debug|Any CPU = Debug|Any CPU
		Release|Any CPU = Release|Any CPU
	EndGlobalSection
	GlobalSection(ProjectConfigurationPlatforms) = postSolution
		{98FB18E8-AFEC-4659-AE31-8B29D7124750}.Debug|Any CPU.ActiveCfg = Debug|Any CPU
		{98FB18E8-AFEC-4659-AE31-8B29D7124750}.Release|Any CPU.ActiveCfg = Release|Any CPU
	EndGlobalSection
	GlobalSection(SolutionProperties) = preSolution
		HideSolutionNode = FALSE
	EndGlobalSection
	GlobalSection(ExtensibilityGlobals) = postSolution
		SolutionGuid = {96BDFCF7-0451-4765-BBE0-826EC9C06A11}
	EndGlobalSection
EndGlobal
